PODS:
  - Gallery (1.3.0)
  - Hue (2.0.1)
  - Lightbox (1.0.0):
    - Hue
  - RxSwift (3.6.1)

DEPENDENCIES:
  - Gallery (from `../../`)
  - Lightbox
  - RxSwift

EXTERNAL SOURCES:
  Gallery:
    :path: ../../

SPEC CHECKSUMS:
  Gallery: 11da62c497ad7aa7e612bcef03a6155627db16e8
  Hue: 354caec055fdc9d38b5ef33ca2e7224721843baf
  Lightbox: 13f55a0a840f7945dc5ac87931564e7fe569fca9
  RxSwift: f9de85ea20cd2f7716ee5409fc13523dc638e4e4

PODFILE CHECKSUM: faa437a7a5e57ca814fb4f9dff492c9c26d6fa26

COCOAPODS: 1.3.1
